
Microsoft Visual Studio Solution File, Format Version 11.00
# Visual Studio 2010
Project("{FAE04EC0-301F-11D3-BF4B-00C04F79EFBC}") = "JqueryProjectMVC", "huxiaozhong\JqueryProjectMVC\JqueryProjectMVC.csproj", "{8D2EF283-D7D8-4B20-AE43-8FEBE224B4AD}"
EndProject
Project("{FAE04EC0-301F-11D3-BF4B-00C04F79EFBC}") = "JqueryProjectMVC.Tests", "huxiaozhong\JqueryProjectMVC.Tests\JqueryProjectMVC.Tests.csproj", "{84655B60-D191-4B15-BD79-D9BE2E834C1E}"
EndProject
Global
	GlobalSection(TeamFoundationVersionControl) = preSolution
		SccNumberOfProjects = 2
		SccEnterpriseProvider = {4CA58AB2-18FA-4F8D-95D4-32DDF27D184C}
		SccTeamFoundationServer = https://tfs.codeplex.com/tfs/tfs22
		SccProjectUniqueName0 = huxiaozhong\\JqueryProjectMVC\\JqueryProjectMVC.csproj
		SccProjectName0 = huxiaozhong/JqueryProjectMVC
		SccAuxPath0 = https://tfs.codeplex.com/tfs/tfs22
		SccLocalPath0 = huxiaozhong\\JqueryProjectMVC
		SccProvider0 = {4CA58AB2-18FA-4F8D-95D4-32DDF27D184C}
		SccProjectUniqueName1 = huxiaozhong\\JqueryProjectMVC.Tests\\JqueryProjectMVC.Tests.csproj
		SccProjectName1 = huxiaozhong/JqueryProjectMVC.Tests
		SccAuxPath1 = https://tfs.codeplex.com/tfs/tfs22
		SccLocalPath1 = huxiaozhong\\JqueryProjectMVC.Tests
		SccProvider1 = {4CA58AB2-18FA-4F8D-95D4-32DDF27D184C}
	EndGlobalSection
	GlobalSection(SolutionConfigurationPlatforms) = preSolution
		Debug|Any CPU = Debug|Any CPU
		Release|Any CPU = Release|Any CPU
	EndGlobalSection
	GlobalSection(ProjectConfigurationPlatforms) = postSolution
		{8D2EF283-D7D8-4B20-AE43-8FEBE224B4AD}.Debug|Any CPU.ActiveCfg = Debug|Any CPU
		{8D2EF283-D7D8-4B20-AE43-8FEBE224B4AD}.Debug|Any CPU.Build.0 = Debug|Any CPU
		{8D2EF283-D7D8-4B20-AE43-8FEBE224B4AD}.Release|Any CPU.ActiveCfg = Release|Any CPU
		{8D2EF283-D7D8-4B20-AE43-8FEBE224B4AD}.Release|Any CPU.Build.0 = Release|Any CPU
		{84655B60-D191-4B15-BD79-D9BE2E834C1E}.Debug|Any CPU.ActiveCfg = Debug|Any CPU
		{84655B60-D191-4B15-BD79-D9BE2E834C1E}.Debug|Any CPU.Build.0 = Debug|Any CPU
		{84655B60-D191-4B15-BD79-D9BE2E834C1E}.Release|Any CPU.ActiveCfg = Release|Any CPU
		{84655B60-D191-4B15-BD79-D9BE2E834C1E}.Release|Any CPU.Build.0 = Release|Any CPU
	EndGlobalSection
	GlobalSection(SolutionProperties) = preSolution
		HideSolutionNode = FALSE
	EndGlobalSection
EndGlobal
